
Microsoft Visual Studio Solution File, Format Version 12.00
# Visual Studio Version 17
VisualStudioVersion = 17.7.34009.444
MinimumVisualStudioVersion = 10.0.40219.1
Project("{FAE04EC0-301F-11D3-BF4B-00C04F79EFBC}") = "find_symbol_c_sharp", "find_symbol_c_sharp\find_symbol_c_sharp.csproj", "{A8867ABD-2A44-4A4E-B987-AE4C56E93E44}"
EndProject
Global
	GlobalSection(SolutionConfigurationPlatforms) = preSolution
		Debug|Any CPU = Debug|Any CPU
		Release|Any CPU = Release|Any CPU
	EndGlobalSection
	GlobalSection(ProjectConfigurationPlatforms) = postSolution
		{A8867ABD-2A44-4A4E-B987-AE4C56E93E44}.Debug|Any CPU.ActiveCfg = Debug|Any CPU
		{A8867ABD-2A44-4A4E-B987-AE4C56E93E44}.Debug|Any CPU.Build.0 = Debug|Any CPU
		{A8867ABD-2A44-4A4E-B987-AE4C56E93E44}.Release|Any CPU.ActiveCfg = Release|Any CPU
		{A8867ABD-2A44-4A4E-B987-AE4C56E93E44}.Release|Any CPU.Build.0 = Release|Any CPU
	EndGlobalSection
	GlobalSection(SolutionProperties) = preSolution
		HideSolutionNode = FALSE
	EndGlobalSection
	GlobalSection(ExtensibilityGlobals) = postSolution
		SolutionGuid = {4B207ED9-F19A-440F-AB45-C0FFC3807F33}
	EndGlobalSection
EndGlobal
